
Microsoft Visual Studio Solution File, Format Version 12.00
# Visual Studio Version 17
VisualStudioVersion = 17.9.34616.47
MinimumVisualStudioVersion = 10.0.40219.1
Project("{8BC9CEB8-8B4A-11D0-8D11-00A0C91BC942}") = "BinarySearchTree_0131", "BinarySearchTree_0131\BinarySearchTree_0131.vcxproj", "{E550DA73-56FB-47CF-8E78-10E7172270CD}"
EndProject
Global
	GlobalSection(SolutionConfigurationPlatforms) = preSolution
		Debug|x64 = Debug|x64
		Debug|x86 = Debug|x86
		Release|x64 = Release|x64
		Release|x86 = Release|x86
	EndGlobalSection
	GlobalSection(ProjectConfigurationPlatforms) = postSolution
		{E550DA73-56FB-47CF-8E78-10E7172270CD}.Debug|x64.ActiveCfg = Debug|x64
		{E550DA73-56FB-47CF-8E78-10E7172270CD}.Debug|x64.Build.0 = Debug|x64
		{E550DA73-56FB-47CF-8E78-10E7172270CD}.Debug|x86.ActiveCfg = Debug|Win32
		{E550DA73-56FB-47CF-8E78-10E7172270CD}.Debug|x86.Build.0 = Debug|Win32
		{E550DA73-56FB-47CF-8E78-10E7172270CD}.Release|x64.ActiveCfg = Release|x64
		{E550DA73-56FB-47CF-8E78-10E7172270CD}.Release|x64.Build.0 = Release|x64
		{E550DA73-56FB-47CF-8E78-10E7172270CD}.Release|x86.ActiveCfg = Release|Win32
		{E550DA73-56FB-47CF-8E78-10E7172270CD}.Release|x86.Build.0 = Release|Win32
	EndGlobalSection
	GlobalSection(SolutionProperties) = preSolution
		HideSolutionNode = FALSE
	EndGlobalSection
	GlobalSection(ExtensibilityGlobals) = postSolution
		SolutionGuid = {6E248357-CAEE-409E-95BD-ABB5653FE3FF}
	EndGlobalSection
EndGlobal
